
Microsoft Visual Studio Solution File, Format Version 12.00
# Visual Studio Version 17
VisualStudioVersion = 17.0.31903.59
MinimumVisualStudioVersion = 10.0.40219.1
Project("{2150E333-8FDC-42A3-9474-1A3956D46DE8}") = "Solution Items", "Solution Items", "{9CAFF315-F78E-4672-99F1-6A4D60F1EC5B}"
	ProjectSection(SolutionItems) = preProject
		..\DigitalDrawerAPI\.editorconfig = ..\DigitalDrawerAPI\.editorconfig
		..\DigitalDrawerAPI\.gitignore = ..\DigitalDrawerAPI\.gitignore
		..\DigitalDrawerAPI\global.json = ..\DigitalDrawerAPI\global.json
	EndProjectSection
EndProject
Project("{2150E333-8FDC-42A3-9474-1A3956D46DE8}") = "src", "src", "{ED87F727-6AD7-4B73-96D1-0F7F30019BC8}"
EndProject
Project("{2150E333-8FDC-42A3-9474-1A3956D46DE8}") = "Core", "Core", "{00B22609-269E-4559-8EFB-3E803D2B8326}"
EndProject
Project("{2150E333-8FDC-42A3-9474-1A3956D46DE8}") = "Presentation", "Presentation", "{64D5F081-EDE7-4DA7-98D1-46E2D3132551}"
EndProject
Project("{2150E333-8FDC-42A3-9474-1A3956D46DE8}") = "Infrastructure", "Infrastructure", "{619428A3-5BB4-4D3F-82E6-F8B93AAA91BB}"
EndProject
Project("{2150E333-8FDC-42A3-9474-1A3956D46DE8}") = "tests", "tests", "{4CC9F47B-EF9F-49CF-B066-3C835D3025AF}"
EndProject
Project("{9A19103F-16F7-4668-BE54-9A1E7A4F7556}") = "DigitalDrawer.Domain", "DigitalDrawer.Domain\DigitalDrawer.Domain.csproj", "{41AA7DE1-64E3-4257-AD0E-E349D573E2E9}"
EndProject
Project("{9A19103F-16F7-4668-BE54-9A1E7A4F7556}") = "DigitalDrawer.Application", "DigitalDrawer.Application\DigitalDrawer.Application.csproj", "{C0D100E0-537B-4CB5-8F1A-2D0B6891359E}"
EndProject
Project("{9A19103F-16F7-4668-BE54-9A1E7A4F7556}") = "DigitalDrawer.Infrastructure", "DigitalDrawer.Infrastructure\DigitalDrawer.Infrastructure.csproj", "{E5ED0462-0F2B-4882-9242-EBFDF6B83F4B}"
EndProject
Project("{9A19103F-16F7-4668-BE54-9A1E7A4F7556}") = "DigitalDrawer.WebAPI", "DigitalDrawer.WebAPI\DigitalDrawer.WebAPI.csproj", "{1A5B96F7-830B-4840-A21E-644B678DBB68}"
EndProject
Project("{9A19103F-16F7-4668-BE54-9A1E7A4F7556}") = "Worker", "Worker\Worker.csproj", "{44ED37F4-A69B-4DD6-BA9C-A6BBB738AD7A}"
EndProject
Project("{2150E333-8FDC-42A3-9474-1A3956D46DE8}") = "OutOfProcessExecution", "OutOfProcessExecution", "{B4D90E17-71AA-4A2C-B7B9-9098107FEC62}"
EndProject
Project("{9A19103F-16F7-4668-BE54-9A1E7A4F7556}") = "Hangfire.MediatR", "Hangfire.MediatR\Hangfire.MediatR.csproj", "{15CEC649-54DA-4CD9-9E90-EE3F3163CCB7}"
EndProject
Project("{9A19103F-16F7-4668-BE54-9A1E7A4F7556}") = "BackgroundWorker", "BackgroundWorker\BackgroundWorker.csproj", "{6AAD06B0-B9BE-4D8F-957E-0F8CAA5001A1}"
EndProject
Project("{9A19103F-16F7-4668-BE54-9A1E7A4F7556}") = "Application.UnitTests", "I:\politeh\source\repos\DigitalDrawerExample\DigitalDrawer\tests\Application.UnitTests\Application.UnitTests.csproj", "{4A7DC492-3399-420C-9D1F-E2C58D1C0004}"
EndProject
Global
	GlobalSection(SolutionConfigurationPlatforms) = preSolution
		Debug|Any CPU = Debug|Any CPU
		Release|Any CPU = Release|Any CPU
	EndGlobalSection
	GlobalSection(ProjectConfigurationPlatforms) = postSolution
		{41AA7DE1-64E3-4257-AD0E-E349D573E2E9}.Debug|Any CPU.ActiveCfg = Debug|Any CPU
		{41AA7DE1-64E3-4257-AD0E-E349D573E2E9}.Debug|Any CPU.Build.0 = Debug|Any CPU
		{41AA7DE1-64E3-4257-AD0E-E349D573E2E9}.Release|Any CPU.ActiveCfg = Release|Any CPU
		{41AA7DE1-64E3-4257-AD0E-E349D573E2E9}.Release|Any CPU.Build.0 = Release|Any CPU
		{C0D100E0-537B-4CB5-8F1A-2D0B6891359E}.Debug|Any CPU.ActiveCfg = Debug|Any CPU
		{C0D100E0-537B-4CB5-8F1A-2D0B6891359E}.Debug|Any CPU.Build.0 = Debug|Any CPU
		{C0D100E0-537B-4CB5-8F1A-2D0B6891359E}.Release|Any CPU.ActiveCfg = Release|Any CPU
		{C0D100E0-537B-4CB5-8F1A-2D0B6891359E}.Release|Any CPU.Build.0 = Release|Any CPU
		{E5ED0462-0F2B-4882-9242-EBFDF6B83F4B}.Debug|Any CPU.ActiveCfg = Debug|Any CPU
		{E5ED0462-0F2B-4882-9242-EBFDF6B83F4B}.Debug|Any CPU.Build.0 = Debug|Any CPU
		{E5ED0462-0F2B-4882-9242-EBFDF6B83F4B}.Release|Any CPU.ActiveCfg = Release|Any CPU
		{E5ED0462-0F2B-4882-9242-EBFDF6B83F4B}.Release|Any CPU.Build.0 = Release|Any CPU
		{1A5B96F7-830B-4840-A21E-644B678DBB68}.Debug|Any CPU.ActiveCfg = Debug|Any CPU
		{1A5B96F7-830B-4840-A21E-644B678DBB68}.Debug|Any CPU.Build.0 = Debug|Any CPU
		{1A5B96F7-830B-4840-A21E-644B678DBB68}.Release|Any CPU.ActiveCfg = Release|Any CPU
		{1A5B96F7-830B-4840-A21E-644B678DBB68}.Release|Any CPU.Build.0 = Release|Any CPU
		{44ED37F4-A69B-4DD6-BA9C-A6BBB738AD7A}.Debug|Any CPU.ActiveCfg = Debug|Any CPU
		{44ED37F4-A69B-4DD6-BA9C-A6BBB738AD7A}.Debug|Any CPU.Build.0 = Debug|Any CPU
		{44ED37F4-A69B-4DD6-BA9C-A6BBB738AD7A}.Release|Any CPU.ActiveCfg = Release|Any CPU
		{44ED37F4-A69B-4DD6-BA9C-A6BBB738AD7A}.Release|Any CPU.Build.0 = Release|Any CPU
		{15CEC649-54DA-4CD9-9E90-EE3F3163CCB7}.Debug|Any CPU.ActiveCfg = Debug|Any CPU
		{15CEC649-54DA-4CD9-9E90-EE3F3163CCB7}.Debug|Any CPU.Build.0 = Debug|Any CPU
		{15CEC649-54DA-4CD9-9E90-EE3F3163CCB7}.Release|Any CPU.ActiveCfg = Release|Any CPU
		{15CEC649-54DA-4CD9-9E90-EE3F3163CCB7}.Release|Any CPU.Build.0 = Release|Any CPU
		{6AAD06B0-B9BE-4D8F-957E-0F8CAA5001A1}.Debug|Any CPU.ActiveCfg = Debug|Any CPU
		{6AAD06B0-B9BE-4D8F-957E-0F8CAA5001A1}.Debug|Any CPU.Build.0 = Debug|Any CPU
		{6AAD06B0-B9BE-4D8F-957E-0F8CAA5001A1}.Release|Any CPU.ActiveCfg = Release|Any CPU
		{6AAD06B0-B9BE-4D8F-957E-0F8CAA5001A1}.Release|Any CPU.Build.0 = Release|Any CPU
		{4A7DC492-3399-420C-9D1F-E2C58D1C0004}.Debug|Any CPU.ActiveCfg = Debug|Any CPU
		{4A7DC492-3399-420C-9D1F-E2C58D1C0004}.Debug|Any CPU.Build.0 = Debug|Any CPU
		{4A7DC492-3399-420C-9D1F-E2C58D1C0004}.Release|Any CPU.ActiveCfg = Release|Any CPU
		{4A7DC492-3399-420C-9D1F-E2C58D1C0004}.Release|Any CPU.Build.0 = Release|Any CPU
	EndGlobalSection
	GlobalSection(SolutionProperties) = preSolution
		HideSolutionNode = FALSE
	EndGlobalSection
	GlobalSection(NestedProjects) = preSolution
		{00B22609-269E-4559-8EFB-3E803D2B8326} = {ED87F727-6AD7-4B73-96D1-0F7F30019BC8}
		{64D5F081-EDE7-4DA7-98D1-46E2D3132551} = {ED87F727-6AD7-4B73-96D1-0F7F30019BC8}
		{619428A3-5BB4-4D3F-82E6-F8B93AAA91BB} = {ED87F727-6AD7-4B73-96D1-0F7F30019BC8}
		{41AA7DE1-64E3-4257-AD0E-E349D573E2E9} = {00B22609-269E-4559-8EFB-3E803D2B8326}
		{C0D100E0-537B-4CB5-8F1A-2D0B6891359E} = {00B22609-269E-4559-8EFB-3E803D2B8326}
		{E5ED0462-0F2B-4882-9242-EBFDF6B83F4B} = {619428A3-5BB4-4D3F-82E6-F8B93AAA91BB}
		{1A5B96F7-830B-4840-A21E-644B678DBB68} = {64D5F081-EDE7-4DA7-98D1-46E2D3132551}
		{44ED37F4-A69B-4DD6-BA9C-A6BBB738AD7A} = {B4D90E17-71AA-4A2C-B7B9-9098107FEC62}
		{B4D90E17-71AA-4A2C-B7B9-9098107FEC62} = {619428A3-5BB4-4D3F-82E6-F8B93AAA91BB}
		{15CEC649-54DA-4CD9-9E90-EE3F3163CCB7} = {B4D90E17-71AA-4A2C-B7B9-9098107FEC62}
		{6AAD06B0-B9BE-4D8F-957E-0F8CAA5001A1} = {B4D90E17-71AA-4A2C-B7B9-9098107FEC62}
		{4A7DC492-3399-420C-9D1F-E2C58D1C0004} = {4CC9F47B-EF9F-49CF-B066-3C835D3025AF}
	EndGlobalSection
	GlobalSection(ExtensibilityGlobals) = postSolution
		SolutionGuid = {1E2D8FD7-F26D-4624-9418-8D98FD82E0C8}
	EndGlobalSection
EndGlobal
